
Microsoft Visual Studio Solution File, Format Version 12.00
# Visual Studio Version 16
VisualStudioVersion = 16.0.31129.286
MinimumVisualStudioVersion = 10.0.40219.1
Project("{8BC9CEB8-8B4A-11D0-8D11-00A0C91BC942}") = "LabSort", "LabSort.vcxproj", "{8EFB71C9-BA32-435E-8BE3-8E3A380C9F4E}"
EndProject
Project("{8BC9CEB8-8B4A-11D0-8D11-00A0C91BC942}") = "UnitTest1", "..\UnitTest1\UnitTest1.vcxproj", "{A76FE036-6025-4B48-83F8-D98009B48B60}"
EndProject
Global
	GlobalSection(SolutionConfigurationPlatforms) = preSolution
		Debug|x64 = Debug|x64
		Debug|x86 = Debug|x86
		Release|x64 = Release|x64
		Release|x86 = Release|x86
	EndGlobalSection
	GlobalSection(ProjectConfigurationPlatforms) = postSolution
		{8EFB71C9-BA32-435E-8BE3-8E3A380C9F4E}.Debug|x64.ActiveCfg = Debug|x64
		{8EFB71C9-BA32-435E-8BE3-8E3A380C9F4E}.Debug|x64.Build.0 = Debug|x64
		{8EFB71C9-BA32-435E-8BE3-8E3A380C9F4E}.Debug|x86.ActiveCfg = Debug|Win32
		{8EFB71C9-BA32-435E-8BE3-8E3A380C9F4E}.Debug|x86.Build.0 = Debug|Win32
		{8EFB71C9-BA32-435E-8BE3-8E3A380C9F4E}.Release|x64.ActiveCfg = Release|x64
		{8EFB71C9-BA32-435E-8BE3-8E3A380C9F4E}.Release|x64.Build.0 = Release|x64
		{8EFB71C9-BA32-435E-8BE3-8E3A380C9F4E}.Release|x86.ActiveCfg = Release|Win32
		{8EFB71C9-BA32-435E-8BE3-8E3A380C9F4E}.Release|x86.Build.0 = Release|Win32
		{A76FE036-6025-4B48-83F8-D98009B48B60}.Debug|x64.ActiveCfg = Debug|x64
		{A76FE036-6025-4B48-83F8-D98009B48B60}.Debug|x64.Build.0 = Debug|x64
		{A76FE036-6025-4B48-83F8-D98009B48B60}.Debug|x86.ActiveCfg = Debug|Win32
		{A76FE036-6025-4B48-83F8-D98009B48B60}.Debug|x86.Build.0 = Debug|Win32
		{A76FE036-6025-4B48-83F8-D98009B48B60}.Release|x64.ActiveCfg = Release|x64
		{A76FE036-6025-4B48-83F8-D98009B48B60}.Release|x64.Build.0 = Release|x64
		{A76FE036-6025-4B48-83F8-D98009B48B60}.Release|x86.ActiveCfg = Release|Win32
		{A76FE036-6025-4B48-83F8-D98009B48B60}.Release|x86.Build.0 = Release|Win32
	EndGlobalSection
	GlobalSection(SolutionProperties) = preSolution
		HideSolutionNode = FALSE
	EndGlobalSection
	GlobalSection(ExtensibilityGlobals) = postSolution
		SolutionGuid = {08AEDCF6-A0A4-4E70-B655-BB190DC7C62E}
	EndGlobalSection
EndGlobal
